# name|repository|commit|license|license_sha256
qcbor|https://github.com/laurencelundblade/QCBOR.git|930708bb86481e88879eb1d87fd4d664f1d69503|BSD-3-Clause|fbe59eea071912c4d4fe814e93bd5723cbba31e418c79f1a7dd37b0c5909ba48
t_cose|https://github.com/laurencelundblade/t_cose.git|ff4c5f7c6fbbe27bb582214ff1878bf58ebc6c43|BSD-3-Clause|50c14c550b2dee73269754301c9c4f9098d6a0aa8064f7e4f25e90395a1238c9
cose_c|https://github.com/cose-wg/COSE-C.git|97d1805e71b7a6770093c5e6790d46611680d563|BSD-3-Clause|54b526cc92bb58fb7b95a3d8807581fd21291c60f2d3777366fbe809571a15b7
cn_cbor|https://github.com/jimsch/cn-cbor.git|f713bf67bcf3e076d47e474ce060252ef8be48c7|MIT|505c5a277c718e0010a197cda4bd1b68e7b0a381c8cf5eb288d57b6343f6d2a2
cose_examples|https://github.com/cose-wg/Examples.git|53c9d634333bb4f529d78f5980fffa2667ee2c12|Unlicense|88d9b4eb60579c191ec391ca04c16130572d7eedc4a86daa58bf28c6e14c9bcd
edk2|https://github.com/tianocore/edk2.git|b03a21a63e3bd001f52c527e5a57feddb53a690b|BSD-2-Clause-Patent|50ce20c9cfdb0e19ee34fe0a51fc0afe961f743697b068359ab2f862b494df80
pico_sdk|https://github.com/raspberrypi/pico-sdk.git|98a542c1a62fb549ffb5d66a3e5892b06276b670|BSD-3-Clause|483f865953435b66c443dee7558debe3cc3cf8fcbb6a112fd9fc6a795d53f1f6
mbedtls|https://github.com/Mbed-TLS/mbedtls.git|068ff080b369adfac81509f9b57b2afabaf82dc5|Apache-2.0|9b405ef4c89342f5eae1dd828882f931747f71001cfba7d114801039b52ad09b
tinyusb|https://github.com/hathach/tinyusb.git|86ad6e56c1700e85f1c5678607a762cfe3aa2f47|MIT|b171720e8a442e7a3957d83c62cd3299dbb29da3db534cc626f9dded0de2ca44
picotool|https://github.com/raspberrypi/picotool.git|6f6458d792b93685a11423b244a585eaa99eafcf|BSD-3-Clause|483f865953435b66c443dee7558debe3cc3cf8fcbb6a112fd9fc6a795d53f1f6
tpm2_tss|https://github.com/tpm2-software/tpm2-tss.git|30e6057722058cb85c292dcb7b77760ad6410d4e|BSD-2-Clause|18c1bf4b1ba1fb2c4ffa7398c234d83c0d55475298e470ae1e5e3a8a8bd2e448
